
Microsoft Visual Studio Solution File, Format Version 12.00
# Visual Studio Version 16
VisualStudioVersion = 16.0.29519.87
MinimumVisualStudioVersion = 10.0.40219.1
Project("{FAE04EC0-301F-11D3-BF4B-00C04F79EFBC}") = "RSA_Algo", "RSA_Algo.csproj", "{5BBF9627-FBDE-4930-9042-3161389F746A}"
EndProject
Global
	GlobalSection(SolutionConfigurationPlatforms) = preSolution
		Debug|Any CPU = Debug|Any CPU
		Release|Any CPU = Release|Any CPU
	EndGlobalSection
	GlobalSection(ProjectConfigurationPlatforms) = postSolution
		{5BBF9627-FBDE-4930-9042-3161389F746A}.Debug|Any CPU.ActiveCfg = Debug|Any CPU
		{5BBF9627-FBDE-4930-9042-3161389F746A}.Debug|Any CPU.Build.0 = Debug|Any CPU
		{5BBF9627-FBDE-4930-9042-3161389F746A}.Release|Any CPU.ActiveCfg = Release|Any CPU
		{5BBF9627-FBDE-4930-9042-3161389F746A}.Release|Any CPU.Build.0 = Release|Any CPU
	EndGlobalSection
	GlobalSection(SolutionProperties) = preSolution
		HideSolutionNode = FALSE
	EndGlobalSection
	GlobalSection(ExtensibilityGlobals) = postSolution
		SolutionGuid = {C22255DE-12E6-4D0C-A54E-70E15072FD94}
	EndGlobalSection
EndGlobal
